// !$*UTF8*$!
{
	archiveVersion = 1;
	classes = {
	};
	objectVersion = 52;
	objects = {

/* Begin PBXBuildFile section */
		300082412373B2D10095285D /* Main.storyboard in Resources */ = {isa = PBXBuildFile; fileRef = 88C6A9C61EF863CC00CC4360 /* Main.storyboard */; };
		3060126B237611C900372D4A /* StarredImageView.swift in Sources */ = {isa = PBXBuildFile; fileRef = 3060126A237611C900372D4A /* StarredImageView.swift */; };
		3060127323761A3A00372D4A /* ShoeSleuthTests.swift in Sources */ = {isa = PBXBuildFile; fileRef = 3060127223761A3A00372D4A /* ShoeSleuthTests.swift */; };
		3060127B23761BCD00372D4A /* GalleryImage.swift in Sources */ = {isa = PBXBuildFile; fileRef = 6567F24523710FBF00EC2B7B /* GalleryImage.swift */; };
		3060127D23761CE500372D4A /* ImageView.swift in Sources */ = {isa = PBXBuildFile; fileRef = 3060127C23761CE500372D4A /* ImageView.swift */; };
		3084161F2373A3790036A6C7 /* ShoeSleuthModel.mlmodel in Sources */ = {isa = PBXBuildFile; fileRef = 3084161E2373A3790036A6C7 /* ShoeSleuthModel.mlmodel */; };
		308416212373A67B0036A6C7 /* ImageClassificationViewController.swift in Sources */ = {isa = PBXBuildFile; fileRef = 308416202373A67A0036A6C7 /* ImageClassificationViewController.swift */; };
		308416232373A68A0036A6C7 /* CGImagePropertyOrientation+UIImageOrientation.swift in Sources */ = {isa = PBXBuildFile; fileRef = 308416222373A68A0036A6C7 /* CGImagePropertyOrientation+UIImageOrientation.swift */; };
		30ABF2082376095500FB1443 /* StarredImageViewCell.swift in Sources */ = {isa = PBXBuildFile; fileRef = 30ABF2072376095500FB1443 /* StarredImageViewCell.swift */; };
		30DDEBF22375CAF700798D44 /* GalleryImageView.swift in Sources */ = {isa = PBXBuildFile; fileRef = 30DDEBF12375CAF700798D44 /* GalleryImageView.swift */; };
		30DDEBF42375CB1B00798D44 /* GalleryImageViewCell.swift in Sources */ = {isa = PBXBuildFile; fileRef = 30DDEBF32375CB1B00798D44 /* GalleryImageViewCell.swift */; };
		6567F2392370F0C800EC2B7B /* Images.xcdatamodeld in Sources */ = {isa = PBXBuildFile; fileRef = 6567F2372370F0C800EC2B7B /* Images.xcdatamodeld */; };
		6567F24123710BD700EC2B7B /* IdentifiedController.swift in Sources */ = {isa = PBXBuildFile; fileRef = 6567F24023710BD700EC2B7B /* IdentifiedController.swift */; };
		6567F24623710FBF00EC2B7B /* GalleryImage.swift in Sources */ = {isa = PBXBuildFile; fileRef = 6567F24523710FBF00EC2B7B /* GalleryImage.swift */; };
		88C6A9C31EF863CC00CC4360 /* AppDelegate.swift in Sources */ = {isa = PBXBuildFile; fileRef = 88C6A9C21EF863CC00CC4360 /* AppDelegate.swift */; };
		88C6A9C51EF863CC00CC4360 /* ViewController.swift in Sources */ = {isa = PBXBuildFile; fileRef = 88C6A9C41EF863CC00CC4360 /* ViewController.swift */; };
		88C6A9CA1EF863CC00CC4360 /* Assets.xcassets in Resources */ = {isa = PBXBuildFile; fileRef = 88C6A9C91EF863CC00CC4360 /* Assets.xcassets */; };
		88C6A9CD1EF863CC00CC4360 /* LaunchScreen.storyboard in Resources */ = {isa = PBXBuildFile; fileRef = 88C6A9CB1EF863CC00CC4360 /* LaunchScreen.storyboard */; };
/* End PBXBuildFile section */

/* Begin PBXContainerItemProxy section */
		3060127523761A3A00372D4A /* PBXContainerItemProxy */ = {
			isa = PBXContainerItemProxy;
			containerPortal = 88C6A9B71EF863CB00CC4360 /* Project object */;
			proxyType = 1;
			remoteGlobalIDString = 88C6A9BE1EF863CC00CC4360;
			remoteInfo = VisionSample;
		};
/* End PBXContainerItemProxy section */

/* Begin PBXFileReference section */
		3060126A237611C900372D4A /* StarredImageView.swift */ = {isa = PBXFileReference; lastKnownFileType = sourcecode.swift; path = StarredImageView.swift; sourceTree = "<group>"; };
		3060127023761A3A00372D4A /* ShoeSleuthTests.xctest */ = {isa = PBXFileReference; explicitFileType = wrapper.cfbundle; includeInIndex = 0; path = ShoeSleuthTests.xctest; sourceTree = BUILT_PRODUCTS_DIR; };
		3060127223761A3A00372D4A /* ShoeSleuthTests.swift */ = {isa = PBXFileReference; lastKnownFileType = sourcecode.swift; path = ShoeSleuthTests.swift; sourceTree = "<group>"; };
		3060127423761A3A00372D4A /* Info.plist */ = {isa = PBXFileReference; lastKnownFileType = text.plist.xml; path = Info.plist; sourceTree = "<group>"; };
		3060127A23761B5A00372D4A /* pngtest1.png */ = {isa = PBXFileReference; lastKnownFileType = image.png; name = pngtest1.png; path = /Users/much2money/Documents/iOS/classProject/ShoeSleuth/VisionSample/pngtest1.png; sourceTree = "<absolute>"; };
		3060127C23761CE500372D4A /* ImageView.swift */ = {isa = PBXFileReference; lastKnownFileType = sourcecode.swift; name = ImageView.swift; path = /Users/much2money/Documents/iOS/classProject/ShoeSleuth/VisionSample/ImageView.swift; sourceTree = "<absolute>"; };
		3084161E2373A3790036A6C7 /* ShoeSleuthModel.mlmodel */ = {isa = PBXFileReference; lastKnownFileType = file.mlmodel; path = ShoeSleuthModel.mlmodel; sourceTree = "<group>"; };
		308416202373A67A0036A6C7 /* ImageClassificationViewController.swift */ = {isa = PBXFileReference; fileEncoding = 4; lastKnownFileType = sourcecode.swift; path = ImageClassificationViewController.swift; sourceTree = "<group>"; };
		308416222373A68A0036A6C7 /* CGImagePropertyOrientation+UIImageOrientation.swift */ = {isa = PBXFileReference; fileEncoding = 4; lastKnownFileType = sourcecode.swift; path = "CGImagePropertyOrientation+UIImageOrientation.swift"; sourceTree = "<group>"; };
		30ABF2072376095500FB1443 /* StarredImageViewCell.swift */ = {isa = PBXFileReference; lastKnownFileType = sourcecode.swift; path = StarredImageViewCell.swift; sourceTree = "<group>"; };
		30DDEBF12375CAF700798D44 /* GalleryImageView.swift */ = {isa = PBXFileReference; lastKnownFileType = sourcecode.swift; path = GalleryImageView.swift; sourceTree = "<group>"; };
		30DDEBF32375CB1B00798D44 /* GalleryImageViewCell.swift */ = {isa = PBXFileReference; lastKnownFileType = sourcecode.swift; path = GalleryImageViewCell.swift; sourceTree = "<group>"; };
		6567F2382370F0C800EC2B7B /* Images.xcdatamodel */ = {isa = PBXFileReference; lastKnownFileType = wrapper.xcdatamodel; path = Images.xcdatamodel; sourceTree = "<group>"; };
		6567F24023710BD700EC2B7B /* IdentifiedController.swift */ = {isa = PBXFileReference; lastKnownFileType = sourcecode.swift; path = IdentifiedController.swift; sourceTree = "<group>"; };
		6567F24523710FBF00EC2B7B /* GalleryImage.swift */ = {isa = PBXFileReference; lastKnownFileType = sourcecode.swift; path = GalleryImage.swift; sourceTree = "<group>"; };
		88C6A9BF1EF863CC00CC4360 /* ShoeSleuth.app */ = {isa = PBXFileReference; explicitFileType = wrapper.application; includeInIndex = 0; path = ShoeSleuth.app; sourceTree = BUILT_PRODUCTS_DIR; };
		88C6A9C21EF863CC00CC4360 /* AppDelegate.swift */ = {isa = PBXFileReference; lastKnownFileType = sourcecode.swift; path = AppDelegate.swift; sourceTree = "<group>"; };
		88C6A9C41EF863CC00CC4360 /* ViewController.swift */ = {isa = PBXFileReference; lastKnownFileType = sourcecode.swift; path = ViewController.swift; sourceTree = "<group>"; };
		88C6A9C71EF863CC00CC4360 /* Base */ = {isa = PBXFileReference; lastKnownFileType = file.storyboard; name = Base; path = Base.lproj/Main.storyboard; sourceTree = "<group>"; };
		88C6A9C91EF863CC00CC4360 /* Assets.xcassets */ = {isa = PBXFileReference; lastKnownFileType = folder.assetcatalog; path = Assets.xcassets; sourceTree = "<group>"; };
		88C6A9CC1EF863CC00CC4360 /* Base */ = {isa = PBXFileReference; lastKnownFileType = file.storyboard; name = Base; path = Base.lproj/LaunchScreen.storyboard; sourceTree = "<group>"; };
		88C6A9CE1EF863CC00CC4360 /* Info.plist */ = {isa = PBXFileReference; lastKnownFileType = text.plist.xml; path = Info.plist; sourceTree = "<group>"; };
/* End PBXFileReference section */

/* Begin PBXFrameworksBuildPhase section */
		3060126D23761A3A00372D4A /* Frameworks */ = {
			isa = PBXFrameworksBuildPhase;
			buildActionMask = 2147483647;
			files = (
			);
			runOnlyForDeploymentPostprocessing = 0;
		};
		88C6A9BC1EF863CC00CC4360 /* Frameworks */ = {
			isa = PBXFrameworksBuildPhase;
			buildActionMask = 2147483647;
			files = (
			);
			runOnlyForDeploymentPostprocessing = 0;
		};
/* End PBXFrameworksBuildPhase section */

/* Begin PBXGroup section */
		3060127123761A3A00372D4A /* ShoeSleuthTests */ = {
			isa = PBXGroup;
			children = (
				3060127223761A3A00372D4A /* ShoeSleuthTests.swift */,
				3060127423761A3A00372D4A /* Info.plist */,
			);
			path = ShoeSleuthTests;
			sourceTree = "<group>";
		};
		6567F24323710F9800EC2B7B /* Models */ = {
			isa = PBXGroup;
			children = (
				6567F24523710FBF00EC2B7B /* GalleryImage.swift */,
			);
			path = Models;
			sourceTree = "<group>";
		};
		6567F24423710F9F00EC2B7B /* Controllers */ = {
			isa = PBXGroup;
			children = (
				88C6A9C41EF863CC00CC4360 /* ViewController.swift */,
				6567F24023710BD700EC2B7B /* IdentifiedController.swift */,
			);
			path = Controllers;
			sourceTree = "<group>";
		};
		88C6A9B61EF863CB00CC4360 = {
			isa = PBXGroup;
			children = (
				88C6A9C11EF863CC00CC4360 /* VisionSample */,
				3060127123761A3A00372D4A /* ShoeSleuthTests */,
				88C6A9C01EF863CC00CC4360 /* Products */,
			);
			sourceTree = "<group>";
		};
		88C6A9C01EF863CC00CC4360 /* Products */ = {
			isa = PBXGroup;
			children = (
				88C6A9BF1EF863CC00CC4360 /* ShoeSleuth.app */,
				3060127023761A3A00372D4A /* ShoeSleuthTests.xctest */,
			);
			name = Products;
			sourceTree = "<group>";
		};
		88C6A9C11EF863CC00CC4360 /* VisionSample */ = {
			isa = PBXGroup;
			children = (
				308416222373A68A0036A6C7 /* CGImagePropertyOrientation+UIImageOrientation.swift */,
				308416202373A67A0036A6C7 /* ImageClassificationViewController.swift */,
				3084161E2373A3790036A6C7 /* ShoeSleuthModel.mlmodel */,
				6567F24423710F9F00EC2B7B /* Controllers */,
				6567F24323710F9800EC2B7B /* Models */,
				88C6A9C21EF863CC00CC4360 /* AppDelegate.swift */,
				88C6A9C61EF863CC00CC4360 /* Main.storyboard */,
				3060127A23761B5A00372D4A /* pngtest1.png */,
				88C6A9C91EF863CC00CC4360 /* Assets.xcassets */,
				88C6A9CB1EF863CC00CC4360 /* LaunchScreen.storyboard */,
				88C6A9CE1EF863CC00CC4360 /* Info.plist */,
				6567F2372370F0C800EC2B7B /* Images.xcdatamodeld */,
				30DDEBF12375CAF700798D44 /* GalleryImageView.swift */,
				30DDEBF32375CB1B00798D44 /* GalleryImageViewCell.swift */,
				30ABF2072376095500FB1443 /* StarredImageViewCell.swift */,
				3060126A237611C900372D4A /* StarredImageView.swift */,
				3060127C23761CE500372D4A /* ImageView.swift */,
			);
			path = VisionSample;
			sourceTree = "<group>";
		};
/* End PBXGroup section */

/* Begin PBXNativeTarget section */
		3060126F23761A3A00372D4A /* ShoeSleuthTests */ = {
			isa = PBXNativeTarget;
			buildConfigurationList = 3060127723761A3A00372D4A /* Build configuration list for PBXNativeTarget "ShoeSleuthTests" */;
			buildPhases = (
				3060126C23761A3A00372D4A /* Sources */,
				3060126D23761A3A00372D4A /* Frameworks */,
				3060126E23761A3A00372D4A /* Resources */,
			);
			buildRules = (
			);
			dependencies = (
				3060127623761A3A00372D4A /* PBXTargetDependency */,
			);
			name = ShoeSleuthTests;
			productName = ShoeSleuthTests;
			productReference = 3060127023761A3A00372D4A /* ShoeSleuthTests.xctest */;
			productType = "com.apple.product-type.bundle.unit-test";
		};
		88C6A9BE1EF863CC00CC4360 /* VisionSample */ = {
			isa = PBXNativeTarget;
			buildConfigurationList = 88C6A9D11EF863CC00CC4360 /* Build configuration list for PBXNativeTarget "VisionSample" */;
			buildPhases = (
				88C6A9BB1EF863CC00CC4360 /* Sources */,
				88C6A9BC1EF863CC00CC4360 /* Frameworks */,
				88C6A9BD1EF863CC00CC4360 /* Resources */,
			);
			buildRules = (
			);
			dependencies = (
			);
			name = VisionSample;
			productName = VisionSample;
			productReference = 88C6A9BF1EF863CC00CC4360 /* ShoeSleuth.app */;
			productType = "com.apple.product-type.application";
		};
/* End PBXNativeTarget section */

/* Begin PBXProject section */
		88C6A9B71EF863CB00CC4360 /* Project object */ = {
			isa = PBXProject;
			attributes = {
				LastSwiftUpdateCheck = 1110;
				LastUpgradeCheck = 0900;
				ORGANIZATIONNAME = "MRM Brand Ltd";
				TargetAttributes = {
					3060126F23761A3A00372D4A = {
						CreatedOnToolsVersion = 11.1;
						TestTargetID = 88C6A9BE1EF863CC00CC4360;
					};
					88C6A9BE1EF863CC00CC4360 = {
						CreatedOnToolsVersion = 9.0;
					};
				};
			};
			buildConfigurationList = 88C6A9BA1EF863CB00CC4360 /* Build configuration list for PBXProject "VisionSample" */;
			compatibilityVersion = "Xcode 11.0";
			developmentRegion = en;
			hasScannedForEncodings = 0;
			knownRegions = (
				en,
				Base,
			);
			mainGroup = 88C6A9B61EF863CB00CC4360;
			productRefGroup = 88C6A9C01EF863CC00CC4360 /* Products */;
			projectDirPath = "";
			projectRoot = "";
			targets = (
				88C6A9BE1EF863CC00CC4360 /* VisionSample */,
				3060126F23761A3A00372D4A /* ShoeSleuthTests */,
			);
		};
/* End PBXProject section */

/* Begin PBXResourcesBuildPhase section */
		3060126E23761A3A00372D4A /* Resources */ = {
			isa = PBXResourcesBuildPhase;
			buildActionMask = 2147483647;
			files = (
			);
			runOnlyForDeploymentPostprocessing = 0;
		};
		88C6A9BD1EF863CC00CC4360 /* Resources */ = {
			isa = PBXResourcesBuildPhase;
			buildActionMask = 2147483647;
			files = (
				300082412373B2D10095285D /* Main.storyboard in Resources */,
				88C6A9CD1EF863CC00CC4360 /* LaunchScreen.storyboard in Resources */,
				88C6A9CA1EF863CC00CC4360 /* Assets.xcassets in Resources */,
			);
			runOnlyForDeploymentPostprocessing = 0;
		};
/* End PBXResourcesBuildPhase section */

/* Begin PBXSourcesBuildPhase section */
		3060126C23761A3A00372D4A /* Sources */ = {
			isa = PBXSourcesBuildPhase;
			buildActionMask = 2147483647;
			files = (
				3060127B23761BCD00372D4A /* GalleryImage.swift in Sources */,
				3060127323761A3A00372D4A /* ShoeSleuthTests.swift in Sources */,
			);
			runOnlyForDeploymentPostprocessing = 0;
		};
		88C6A9BB1EF863CC00CC4360 /* Sources */ = {
			isa = PBXSourcesBuildPhase;
			buildActionMask = 2147483647;
			files = (
				88C6A9C51EF863CC00CC4360 /* ViewController.swift in Sources */,
				6567F24623710FBF00EC2B7B /* GalleryImage.swift in Sources */,
				30DDEBF42375CB1B00798D44 /* GalleryImageViewCell.swift in Sources */,
				30ABF2082376095500FB1443 /* StarredImageViewCell.swift in Sources */,
				3060127D23761CE500372D4A /* ImageView.swift in Sources */,
				3060126B237611C900372D4A /* StarredImageView.swift in Sources */,
				3084161F2373A3790036A6C7 /* ShoeSleuthModel.mlmodel in Sources */,
				30DDEBF22375CAF700798D44 /* GalleryImageView.swift in Sources */,
				6567F2392370F0C800EC2B7B /* Images.xcdatamodeld in Sources */,
				308416232373A68A0036A6C7 /* CGImagePropertyOrientation+UIImageOrientation.swift in Sources */,
				88C6A9C31EF863CC00CC4360 /* AppDelegate.swift in Sources */,
				6567F24123710BD700EC2B7B /* IdentifiedController.swift in Sources */,
				308416212373A67B0036A6C7 /* ImageClassificationViewController.swift in Sources */,
			);
			runOnlyForDeploymentPostprocessing = 0;
		};
/* End PBXSourcesBuildPhase section */

/* Begin PBXTargetDependency section */
		3060127623761A3A00372D4A /* PBXTargetDependency */ = {
			isa = PBXTargetDependency;
			target = 88C6A9BE1EF863CC00CC4360 /* VisionSample */;
			targetProxy = 3060127523761A3A00372D4A /* PBXContainerItemProxy */;
		};
/* End PBXTargetDependency section */

/* Begin PBXVariantGroup section */
		88C6A9C61EF863CC00CC4360 /* Main.storyboard */ = {
			isa = PBXVariantGroup;
			children = (
				88C6A9C71EF863CC00CC4360 /* Base */,
			);
			name = Main.storyboard;
			sourceTree = "<group>";
		};
		88C6A9CB1EF863CC00CC4360 /* LaunchScreen.storyboard */ = {
			isa = PBXVariantGroup;
			children = (
				88C6A9CC1EF863CC00CC4360 /* Base */,
			);
			name = LaunchScreen.storyboard;
			sourceTree = "<group>";
		};
/* End PBXVariantGroup section */

/* Begin XCBuildConfiguration section */
		3060127823761A3A00372D4A /* Debug */ = {
			isa = XCBuildConfiguration;
			buildSettings = {
				BUNDLE_LOADER = "$(TEST_HOST)";
				CLANG_ENABLE_OBJC_WEAK = YES;
				CLANG_WARN_DEPRECATED_OBJC_IMPLEMENTATIONS = YES;
				CLANG_WARN_OBJC_IMPLICIT_RETAIN_SELF = YES;
				CODE_SIGN_STYLE = Automatic;
				DEVELOPMENT_TEAM = DDBFATNM35;
				INFOPLIST_FILE = ShoeSleuthTests/Info.plist;
				IPHONEOS_DEPLOYMENT_TARGET = 13.1;
				LD_RUNPATH_SEARCH_PATHS = (
					"$(inherited)",
					"@executable_path/Frameworks",
					"@loader_path/Frameworks",
				);
				MTL_ENABLE_DEBUG_INFO = INCLUDE_SOURCE;
				MTL_FAST_MATH = YES;
				PRODUCT_BUNDLE_IDENTIFIER = Much2Money.ShoeSleuthTests;
				PRODUCT_NAME = "$(TARGET_NAME)";
				SWIFT_VERSION = 5.0;
				TARGETED_DEVICE_FAMILY = "1,2";
				TEST_HOST = "$(BUILT_PRODUCTS_DIR)/ShoeSleuth.app/ShoeSleuth";
			};
			name = Debug;
		};
		3060127923761A3A00372D4A /* Release */ = {
			isa = XCBuildConfiguration;
			buildSettings = {
				BUNDLE_LOADER = "$(TEST_HOST)";
				CLANG_ENABLE_OBJC_WEAK = YES;
				CLANG_WARN_DEPRECATED_OBJC_IMPLEMENTATIONS = YES;
				CLANG_WARN_OBJC_IMPLICIT_RETAIN_SELF = YES;
				CODE_SIGN_STYLE = Automatic;
				DEVELOPMENT_TEAM = DDBFATNM35;
				INFOPLIST_FILE = ShoeSleuthTests/Info.plist;
				IPHONEOS_DEPLOYMENT_TARGET = 13.1;
				LD_RUNPATH_SEARCH_PATHS = (
					"$(inherited)",
					"@executable_path/Frameworks",
					"@loader_path/Frameworks",
				);
				MTL_FAST_MATH = YES;
				PRODUCT_BUNDLE_IDENTIFIER = Much2Money.ShoeSleuthTests;
				PRODUCT_NAME = "$(TARGET_NAME)";
				SWIFT_VERSION = 5.0;
				TARGETED_DEVICE_FAMILY = "1,2";
				TEST_HOST = "$(BUILT_PRODUCTS_DIR)/ShoeSleuth.app/ShoeSleuth";
			};
			name = Release;
		};
		88C6A9CF1EF863CC00CC4360 /* Debug */ = {
			isa = XCBuildConfiguration;
			buildSettings = {
				ALWAYS_SEARCH_USER_PATHS = NO;
				CLANG_ANALYZER_NONNULL = YES;
				CLANG_ANALYZER_NUMBER_OBJECT_CONVERSION = YES_AGGRESSIVE;
				CLANG_CXX_LANGUAGE_STANDARD = "gnu++14";
				CLANG_CXX_LIBRARY = "libc++";
				CLANG_ENABLE_MODULES = YES;
				CLANG_ENABLE_OBJC_ARC = YES;
				CLANG_WARN_BLOCK_CAPTURE_AUTORELEASING = YES;
				CLANG_WARN_BOOL_CONVERSION = YES;
				CLANG_WARN_COMMA = YES;
				CLANG_WARN_CONSTANT_CONVERSION = YES;
				CLANG_WARN_DIRECT_OBJC_ISA_USAGE = YES_ERROR;
				CLANG_WARN_DOCUMENTATION_COMMENTS = YES;
				CLANG_WARN_EMPTY_BODY = YES;
				CLANG_WARN_ENUM_CONVERSION = YES;
				CLANG_WARN_INFINITE_RECURSION = YES;
				CLANG_WARN_INT_CONVERSION = YES;
				CLANG_WARN_NON_LITERAL_NULL_CONVERSION = YES;
				CLANG_WARN_OBJC_LITERAL_CONVERSION = YES;
				CLANG_WARN_OBJC_ROOT_CLASS = YES_ERROR;
				CLANG_WARN_RANGE_LOOP_ANALYSIS = YES;
				CLANG_WARN_STRICT_PROTOTYPES = YES;
				CLANG_WARN_SUSPICIOUS_MOVE = YES;
				CLANG_WARN_UNGUARDED_AVAILABILITY = YES_AGGRESSIVE;
				CLANG_WARN_UNREACHABLE_CODE = YES;
				CLANG_WARN__DUPLICATE_METHOD_MATCH = YES;
				CODE_SIGN_IDENTITY = "iPhone Developer";
				COPY_PHASE_STRIP = NO;
				COREML_CODEGEN_LANGUAGE = Swift;
				DEBUG_INFORMATION_FORMAT = dwarf;
				ENABLE_STRICT_OBJC_MSGSEND = YES;
				ENABLE_TESTABILITY = YES;
				GCC_C_LANGUAGE_STANDARD = gnu11;
				GCC_DYNAMIC_NO_PIC = NO;
				GCC_NO_COMMON_BLOCKS = YES;
				GCC_OPTIMIZATION_LEVEL = 0;
				GCC_PREPROCESSOR_DEFINITIONS = (
					"DEBUG=1",
					"$(inherited)",
				);
				GCC_WARN_64_TO_32_BIT_CONVERSION = YES;
				GCC_WARN_ABOUT_RETURN_TYPE = YES_ERROR;
				GCC_WARN_UNDECLARED_SELECTOR = YES;
				GCC_WARN_UNINITIALIZED_AUTOS = YES_AGGRESSIVE;
				GCC_WARN_UNUSED_FUNCTION = YES;
				GCC_WARN_UNUSED_VARIABLE = YES;
				IPHONEOS_DEPLOYMENT_TARGET = 12.0;
				MTL_ENABLE_DEBUG_INFO = YES;
				ONLY_ACTIVE_ARCH = YES;
				SDKROOT = iphoneos;
				SWIFT_ACTIVE_COMPILATION_CONDITIONS = DEBUG;
				SWIFT_OPTIMIZATION_LEVEL = "-Onone";
			};
			name = Debug;
		};
		88C6A9D01EF863CC00CC4360 /* Release */ = {
			isa = XCBuildConfiguration;
			buildSettings = {
				ALWAYS_SEARCH_USER_PATHS = NO;
				CLANG_ANALYZER_NONNULL = YES;
				CLANG_ANALYZER_NUMBER_OBJECT_CONVERSION = YES_AGGRESSIVE;
				CLANG_CXX_LANGUAGE_STANDARD = "gnu++14";
				CLANG_CXX_LIBRARY = "libc++";
				CLANG_ENABLE_MODULES = YES;
				CLANG_ENABLE_OBJC_ARC = YES;
				CLANG_WARN_BLOCK_CAPTURE_AUTORELEASING = YES;
				CLANG_WARN_BOOL_CONVERSION = YES;
				CLANG_WARN_COMMA = YES;
				CLANG_WARN_CONSTANT_CONVERSION = YES;
				CLANG_WARN_DIRECT_OBJC_ISA_USAGE = YES_ERROR;
				CLANG_WARN_DOCUMENTATION_COMMENTS = YES;
				CLANG_WARN_EMPTY_BODY = YES;
				CLANG_WARN_ENUM_CONVERSION = YES;
				CLANG_WARN_INFINITE_RECURSION = YES;
				CLANG_WARN_INT_CONVERSION = YES;
				CLANG_WARN_NON_LITERAL_NULL_CONVERSION = YES;
				CLANG_WARN_OBJC_LITERAL_CONVERSION = YES;
				CLANG_WARN_OBJC_ROOT_CLASS = YES_ERROR;
				CLANG_WARN_RANGE_LOOP_ANALYSIS = YES;
				CLANG_WARN_STRICT_PROTOTYPES = YES;
				CLANG_WARN_SUSPICIOUS_MOVE = YES;
				CLANG_WARN_UNGUARDED_AVAILABILITY = YES_AGGRESSIVE;
				CLANG_WARN_UNREACHABLE_CODE = YES;
				CLANG_WARN__DUPLICATE_METHOD_MATCH = YES;
				CODE_SIGN_IDENTITY = "iPhone Developer";
				COPY_PHASE_STRIP = NO;
				COREML_CODEGEN_LANGUAGE = Swift;
				DEBUG_INFORMATION_FORMAT = "dwarf-with-dsym";
				ENABLE_NS_ASSERTIONS = NO;
				ENABLE_STRICT_OBJC_MSGSEND = YES;
				GCC_C_LANGUAGE_STANDARD = gnu11;
				GCC_NO_COMMON_BLOCKS = YES;
				GCC_WARN_64_TO_32_BIT_CONVERSION = YES;
				GCC_WARN_ABOUT_RETURN_TYPE = YES_ERROR;
				GCC_WARN_UNDECLARED_SELECTOR = YES;
				GCC_WARN_UNINITIALIZED_AUTOS = YES_AGGRESSIVE;
				GCC_WARN_UNUSED_FUNCTION = YES;
				GCC_WARN_UNUSED_VARIABLE = YES;
				IPHONEOS_DEPLOYMENT_TARGET = 12.0;
				MTL_ENABLE_DEBUG_INFO = NO;
				SDKROOT = iphoneos;
				SWIFT_COMPILATION_MODE = wholemodule;
				SWIFT_OPTIMIZATION_LEVEL = "-O";
				VALIDATE_PRODUCT = YES;
			};
			name = Release;
		};
		88C6A9D21EF863CC00CC4360 /* Debug */ = {
			isa = XCBuildConfiguration;
			buildSettings = {
				ASSETCATALOG_COMPILER_APPICON_NAME = AppIcon;
				DEVELOPMENT_TEAM = DDBFATNM35;
				INFOPLIST_FILE = VisionSample/Info.plist;
				LD_RUNPATH_SEARCH_PATHS = (
					"$(inherited)",
					"@executable_path/Frameworks",
				);
				PRODUCT_BUNDLE_IDENTIFIER = com.mrmbrand.VisionSample1234;
				PRODUCT_NAME = ShoeSleuth;
				SWIFT_VERSION = 4.0;
				TARGETED_DEVICE_FAMILY = "1,2";
			};
			name = Debug;
		};
		88C6A9D31EF863CC00CC4360 /* Release */ = {
			isa = XCBuildConfiguration;
			buildSettings = {
				ASSETCATALOG_COMPILER_APPICON_NAME = AppIcon;
				DEVELOPMENT_TEAM = DDBFATNM35;
				INFOPLIST_FILE = VisionSample/Info.plist;
				LD_RUNPATH_SEARCH_PATHS = (
					"$(inherited)",
					"@executable_path/Frameworks",
				);
				PRODUCT_BUNDLE_IDENTIFIER = com.mrmbrand.VisionSample1234;
				PRODUCT_NAME = ShoeSleuth;
				SWIFT_VERSION = 4.0;
				TARGETED_DEVICE_FAMILY = "1,2";
			};
			name = Release;
		};
/* End XCBuildConfiguration section */

/* Begin XCConfigurationList section */
		3060127723761A3A00372D4A /* Build configuration list for PBXNativeTarget "ShoeSleuthTests" */ = {
			isa = XCConfigurationList;
			buildConfigurations = (
				3060127823761A3A00372D4A /* Debug */,
				3060127923761A3A00372D4A /* Release */,
			);
			defaultConfigurationIsVisible = 0;
			defaultConfigurationName = Release;
		};
		88C6A9BA1EF863CB00CC4360 /* Build configuration list for PBXProject "VisionSample" */ = {
			isa = XCConfigurationList;
			buildConfigurations = (
				88C6A9CF1EF863CC00CC4360 /* Debug */,
				88C6A9D01EF863CC00CC4360 /* Release */,
			);
			defaultConfigurationIsVisible = 0;
			defaultConfigurationName = Release;
		};
		88C6A9D11EF863CC00CC4360 /* Build configuration list for PBXNativeTarget "VisionSample" */ = {
			isa = XCConfigurationList;
			buildConfigurations = (
				88C6A9D21EF863CC00CC4360 /* Debug */,
				88C6A9D31EF863CC00CC4360 /* Release */,
			);
			defaultConfigurationIsVisible = 0;
			defaultConfigurationName = Release;
		};
/* End XCConfigurationList section */

/* Begin XCVersionGroup section */
		6567F2372370F0C800EC2B7B /* Images.xcdatamodeld */ = {
			isa = XCVersionGroup;
			children = (
				6567F2382370F0C800EC2B7B /* Images.xcdatamodel */,
			);
			currentVersion = 6567F2382370F0C800EC2B7B /* Images.xcdatamodel */;
			path = Images.xcdatamodeld;
			sourceTree = "<group>";
			versionGroupType = wrapper.xcdatamodel;
		};
/* End XCVersionGroup section */
	};
	rootObject = 88C6A9B71EF863CB00CC4360 /* Project object */;
}
